gitlab.com/wasmuniversity/demos-fight-strings-limitation/hello-function v0.0.0-20220411042016-4531d806e6bc h1:VLxRMkBNTKV8DDI8ZvkKtqfMO7ocSH5/v4cWqVxV2s8=
gitlab.com/wasmuniversity/demos-fight-strings-limitation/hello-function v0.0.0-20220411042016-4531d806e6bc/go.mod h1:FYY9aYF7keEBwFEfDb7hOxY5d+eVs8+D8uAQD3CHvpQ=
